
Microsoft Visual Studio Solution File, Format Version 12.00
# Visual Studio Version 16
VisualStudioVersion = 16.0.31105.61
MinimumVisualStudioVersion = 10.0.40219.1
Project("{FAE04EC0-301F-11D3-BF4B-00C04F79EFBC}") = "ConsoleApp2", "ConsoleApp2\ConsoleApp2.csproj", "{B61E6E1A-891D-4D54-9FED-2F35FFBD0098}"
EndProject
Project("{FAE04EC0-301F-11D3-BF4B-00C04F79EFBC}") = "bankaccount", "bankaccount\bankaccount.csproj", "{0764CB96-1928-4717-8B68-58C02BEA7ABB}"
EndProject
Global
	GlobalSection(SolutionConfigurationPlatforms) = preSolution
		Debug|Any CPU = Debug|Any CPU
		Release|Any CPU = Release|Any CPU
	EndGlobalSection
	GlobalSection(ProjectConfigurationPlatforms) = postSolution
		{B61E6E1A-891D-4D54-9FED-2F35FFBD0098}.Debug|Any CPU.ActiveCfg = Debug|Any CPU
		{B61E6E1A-891D-4D54-9FED-2F35FFBD0098}.Debug|Any CPU.Build.0 = Debug|Any CPU
		{B61E6E1A-891D-4D54-9FED-2F35FFBD0098}.Release|Any CPU.ActiveCfg = Release|Any CPU
		{B61E6E1A-891D-4D54-9FED-2F35FFBD0098}.Release|Any CPU.Build.0 = Release|Any CPU
		{0764CB96-1928-4717-8B68-58C02BEA7ABB}.Debug|Any CPU.ActiveCfg = Debug|Any CPU
		{0764CB96-1928-4717-8B68-58C02BEA7ABB}.Debug|Any CPU.Build.0 = Debug|Any CPU
		{0764CB96-1928-4717-8B68-58C02BEA7ABB}.Release|Any CPU.ActiveCfg = Release|Any CPU
		{0764CB96-1928-4717-8B68-58C02BEA7ABB}.Release|Any CPU.Build.0 = Release|Any CPU
	EndGlobalSection
	GlobalSection(SolutionProperties) = preSolution
		HideSolutionNode = FALSE
	EndGlobalSection
	GlobalSection(ExtensibilityGlobals) = postSolution
		SolutionGuid = {CB0E0A2C-7197-4CAD-8255-AC1664631F57}
	EndGlobalSection
EndGlobal
