
Microsoft Visual Studio Solution File, Format Version 12.00
# Visual Studio Version 16
VisualStudioVersion = 16.0.31105.61
MinimumVisualStudioVersion = 10.0.40219.1
Project("{FAE04EC0-301F-11D3-BF4B-00C04F79EFBC}") = "GenericClassAndAction", "GenericClassAndAction\GenericClassAndAction.csproj", "{5F2C623E-3A23-4945-972D-711E9779E9EB}"
EndProject
Global
	GlobalSection(SolutionConfigurationPlatforms) = preSolution
		Debug|Any CPU = Debug|Any CPU
		Release|Any CPU = Release|Any CPU
	EndGlobalSection
	GlobalSection(ProjectConfigurationPlatforms) = postSolution
		{5F2C623E-3A23-4945-972D-711E9779E9EB}.Debug|Any CPU.ActiveCfg = Debug|Any CPU
		{5F2C623E-3A23-4945-972D-711E9779E9EB}.Debug|Any CPU.Build.0 = Debug|Any CPU
		{5F2C623E-3A23-4945-972D-711E9779E9EB}.Release|Any CPU.ActiveCfg = Release|Any CPU
		{5F2C623E-3A23-4945-972D-711E9779E9EB}.Release|Any CPU.Build.0 = Release|Any CPU
	EndGlobalSection
	GlobalSection(SolutionProperties) = preSolution
		HideSolutionNode = FALSE
	EndGlobalSection
	GlobalSection(ExtensibilityGlobals) = postSolution
		SolutionGuid = {A38E76E0-CECE-472D-807A-AC0775C8AA1F}
	EndGlobalSection
EndGlobal
